<?xml version="1.0" encoding="UTF-8" standalone="yes" ?>
<CodeBlocks_project_file>
	<FileVersion major="1" minor="6" />
	<Project>
		<Option title="demo" />
		<Option pch_mode="2" />
		<Option compiler="gcc" />
		<Build>
			<Target title="Debug">
				<Option output="bin/Debug/demo" prefix_auto="1" extension_auto="1" />
				<Option object_output="obj/Debug/" />
				<Option type="1" />
				<Option compiler="gcc" />
				<Compiler>
					<Add option="-g" />
					<Add directory="include" />
					<Add directory="include/Files" />
					<Add directory="include/Items" />
					<Add directory="include/model" />
				</Compiler>
			</Target>
			<Target title="Release">
				<Option output="bin/Release/demo" prefix_auto="1" extension_auto="1" />
				<Option object_output="obj/Release/" />
				<Option type="1" />
				<Option compiler="gcc" />
				<Compiler>
					<Add option="-O2" />
					<Add directory="include" />
					<Add directory="include/Files" />
					<Add directory="include/Items" />
					<Add directory="include/model" />
				</Compiler>
				<Linker>
					<Add option="-s" />
				</Linker>
			</Target>
		</Build>
		<Compiler>
			<Add option="-Wall" />
			<Add option="-fexceptions" />
		</Compiler>
		<Unit filename="include/AuthManager.h" />
		<Unit filename="include/Files/ClientsManager.h" />
		<Unit filename="include/Files/DataManager.h" />
		<Unit filename="include/Files/SalesManager.h" />
		<Unit filename="include/Files/UsersManager.h" />
		<Unit filename="include/Items/Exit.h" />
		<Unit filename="include/Items/LoginItem.h" />
		<Unit filename="include/Items/RegisterItem.h" />
		<Unit filename="include/Items/Sales.h" />
		<Unit filename="include/Menu.h" />
		<Unit filename="include/MenuItem.h" />
		<Unit filename="include/model/Sale.h" />
		<Unit filename="include/model/SaleModel.h" />
		<Unit filename="include/model/User.h" />
		<Unit filename="main.cpp" />
		<Unit filename="src/AuthManager.cpp" />
		<Unit filename="src/Files/ClientsManager.cpp" />
		<Unit filename="src/Files/DataManager.cpp" />
		<Unit filename="src/Files/SalesManager.cpp" />
		<Unit filename="src/Files/UsersManager.cpp" />
		<Unit filename="src/Items/Exit.cpp" />
		<Unit filename="src/Items/LoginItem.cpp" />
		<Unit filename="src/Items/RegisterItem.cpp" />
		<Unit filename="src/Items/Sales.cpp" />
		<Unit filename="src/Menu.cpp" />
		<Unit filename="src/MenuItem.cpp" />
		<Unit filename="src/model/Sale.cpp" />
		<Unit filename="src/model/SaleModel.cpp" />
		<Unit filename="src/model/User.cpp" />
		<Extensions>
			<lib_finder disable_auto="1" />
		</Extensions>
	</Project>
</CodeBlocks_project_file>
